
Microsoft Visual Studio Solution File, Format Version 12.00
# Visual Studio 15
VisualStudioVersion = 15.0.26730.15
MinimumVisualStudioVersion = 10.0.40219.1
Project("{2150E333-8FDC-42A3-9474-1A3956D46DE8}") = "ClassLibraries", "ClassLibraries", "{38DDDD32-49A0-4A15-9FFD-CFF38E37C2AB}"
EndProject
Project("{FAE04EC0-301F-11D3-BF4B-00C04F79EFBC}") = "NETCoreClassLibrary", "NETCoreClassLibrary\NETCoreClassLibrary.csproj", "{C9F39B41-EAF6-4D50-B435-4608C37193D6}"
EndProject
Project("{FAE04EC0-301F-11D3-BF4B-00C04F79EFBC}") = "NETStandardClassLibrary", "NETStandardClassLibrary\NETStandardClassLibrary.csproj", "{68F65DEB-7F3E-4E86-A11F-00FD8A61E2C4}"
EndProject
Project("{FAE04EC0-301F-11D3-BF4B-00C04F79EFBC}") = "NETFrameworkClassLibrary", "NETFrameworkClassLibrary\NETFrameworkClassLibrary.csproj", "{573E1234-0F47-44CE-A751-B4E4F10F2D7A}"
EndProject
Project("{FAE04EC0-301F-11D3-BF4B-00C04F79EFBC}") = "AndroidClassLibrary", "AndroidClassLibrary\AndroidClassLibrary.csproj", "{793FA58A-73C9-419A-8AE4-9E55A358612F}"
EndProject
Project("{FAE04EC0-301F-11D3-BF4B-00C04F79EFBC}") = "PCL259ClassLibrary", "PCL259ClassLibrary\PCL259ClassLibrary.csproj", "{99CEB4E5-E4DB-4A3A-9293-9D8D3E559925}"
EndProject
Project("{2150E333-8FDC-42A3-9474-1A3956D46DE8}") = "Platforms", "Platforms", "{77B6C338-CA07-4124-BD9D-30B0108ED266}"
EndProject
Project("{FAE04EC0-301F-11D3-BF4B-00C04F79EFBC}") = "NETFrameworkConsoleApp", "NETFrameworkConsoleApp\NETFrameworkConsoleApp.csproj", "{5E185EFE-E1DC-471C-A2FB-36FCE2D70B4C}"
EndProject
Project("{FAE04EC0-301F-11D3-BF4B-00C04F79EFBC}") = "NETCoreConsoleApp", "NETCoreConsoleApp\NETCoreConsoleApp.csproj", "{6B064991-24BD-453A-BEFB-6A06E0177447}"
EndProject
Project("{FAE04EC0-301F-11D3-BF4B-00C04F79EFBC}") = "AndroidApp", "AndroidApp\AndroidApp.csproj", "{28B7030C-BE1F-405E-A780-BE6F672FC5F6}"
EndProject
Global
	GlobalSection(SolutionConfigurationPlatforms) = preSolution
		Debug|Any CPU = Debug|Any CPU
		Release|Any CPU = Release|Any CPU
	EndGlobalSection
	GlobalSection(ProjectConfigurationPlatforms) = postSolution
		{C9F39B41-EAF6-4D50-B435-4608C37193D6}.Debug|Any CPU.ActiveCfg = Debug|Any CPU
		{C9F39B41-EAF6-4D50-B435-4608C37193D6}.Debug|Any CPU.Build.0 = Debug|Any CPU
		{C9F39B41-EAF6-4D50-B435-4608C37193D6}.Release|Any CPU.ActiveCfg = Release|Any CPU
		{C9F39B41-EAF6-4D50-B435-4608C37193D6}.Release|Any CPU.Build.0 = Release|Any CPU
		{68F65DEB-7F3E-4E86-A11F-00FD8A61E2C4}.Debug|Any CPU.ActiveCfg = Debug|Any CPU
		{68F65DEB-7F3E-4E86-A11F-00FD8A61E2C4}.Debug|Any CPU.Build.0 = Debug|Any CPU
		{68F65DEB-7F3E-4E86-A11F-00FD8A61E2C4}.Release|Any CPU.ActiveCfg = Release|Any CPU
		{68F65DEB-7F3E-4E86-A11F-00FD8A61E2C4}.Release|Any CPU.Build.0 = Release|Any CPU
		{573E1234-0F47-44CE-A751-B4E4F10F2D7A}.Debug|Any CPU.ActiveCfg = Debug|Any CPU
		{573E1234-0F47-44CE-A751-B4E4F10F2D7A}.Debug|Any CPU.Build.0 = Debug|Any CPU
		{573E1234-0F47-44CE-A751-B4E4F10F2D7A}.Release|Any CPU.ActiveCfg = Release|Any CPU
		{573E1234-0F47-44CE-A751-B4E4F10F2D7A}.Release|Any CPU.Build.0 = Release|Any CPU
		{793FA58A-73C9-419A-8AE4-9E55A358612F}.Debug|Any CPU.ActiveCfg = Debug|Any CPU
		{793FA58A-73C9-419A-8AE4-9E55A358612F}.Debug|Any CPU.Build.0 = Debug|Any CPU
		{793FA58A-73C9-419A-8AE4-9E55A358612F}.Release|Any CPU.ActiveCfg = Release|Any CPU
		{793FA58A-73C9-419A-8AE4-9E55A358612F}.Release|Any CPU.Build.0 = Release|Any CPU
		{99CEB4E5-E4DB-4A3A-9293-9D8D3E559925}.Debug|Any CPU.ActiveCfg = Debug|Any CPU
		{99CEB4E5-E4DB-4A3A-9293-9D8D3E559925}.Debug|Any CPU.Build.0 = Debug|Any CPU
		{99CEB4E5-E4DB-4A3A-9293-9D8D3E559925}.Release|Any CPU.ActiveCfg = Release|Any CPU
		{99CEB4E5-E4DB-4A3A-9293-9D8D3E559925}.Release|Any CPU.Build.0 = Release|Any CPU
		{5E185EFE-E1DC-471C-A2FB-36FCE2D70B4C}.Debug|Any CPU.ActiveCfg = Debug|Any CPU
		{5E185EFE-E1DC-471C-A2FB-36FCE2D70B4C}.Debug|Any CPU.Build.0 = Debug|Any CPU
		{5E185EFE-E1DC-471C-A2FB-36FCE2D70B4C}.Release|Any CPU.ActiveCfg = Release|Any CPU
		{5E185EFE-E1DC-471C-A2FB-36FCE2D70B4C}.Release|Any CPU.Build.0 = Release|Any CPU
		{6B064991-24BD-453A-BEFB-6A06E0177447}.Debug|Any CPU.ActiveCfg = Debug|Any CPU
		{6B064991-24BD-453A-BEFB-6A06E0177447}.Debug|Any CPU.Build.0 = Debug|Any CPU
		{6B064991-24BD-453A-BEFB-6A06E0177447}.Release|Any CPU.ActiveCfg = Release|Any CPU
		{6B064991-24BD-453A-BEFB-6A06E0177447}.Release|Any CPU.Build.0 = Release|Any CPU
		{28B7030C-BE1F-405E-A780-BE6F672FC5F6}.Debug|Any CPU.ActiveCfg = Debug|Any CPU
		{28B7030C-BE1F-405E-A780-BE6F672FC5F6}.Debug|Any CPU.Build.0 = Debug|Any CPU
		{28B7030C-BE1F-405E-A780-BE6F672FC5F6}.Debug|Any CPU.Deploy.0 = Debug|Any CPU
		{28B7030C-BE1F-405E-A780-BE6F672FC5F6}.Release|Any CPU.ActiveCfg = Release|Any CPU
		{28B7030C-BE1F-405E-A780-BE6F672FC5F6}.Release|Any CPU.Build.0 = Release|Any CPU
		{28B7030C-BE1F-405E-A780-BE6F672FC5F6}.Release|Any CPU.Deploy.0 = Release|Any CPU
	EndGlobalSection
	GlobalSection(SolutionProperties) = preSolution
		HideSolutionNode = FALSE
	EndGlobalSection
	GlobalSection(NestedProjects) = preSolution
		{C9F39B41-EAF6-4D50-B435-4608C37193D6} = {38DDDD32-49A0-4A15-9FFD-CFF38E37C2AB}
		{68F65DEB-7F3E-4E86-A11F-00FD8A61E2C4} = {38DDDD32-49A0-4A15-9FFD-CFF38E37C2AB}
		{573E1234-0F47-44CE-A751-B4E4F10F2D7A} = {38DDDD32-49A0-4A15-9FFD-CFF38E37C2AB}
		{793FA58A-73C9-419A-8AE4-9E55A358612F} = {38DDDD32-49A0-4A15-9FFD-CFF38E37C2AB}
		{99CEB4E5-E4DB-4A3A-9293-9D8D3E559925} = {38DDDD32-49A0-4A15-9FFD-CFF38E37C2AB}
		{5E185EFE-E1DC-471C-A2FB-36FCE2D70B4C} = {77B6C338-CA07-4124-BD9D-30B0108ED266}
		{6B064991-24BD-453A-BEFB-6A06E0177447} = {77B6C338-CA07-4124-BD9D-30B0108ED266}
		{28B7030C-BE1F-405E-A780-BE6F672FC5F6} = {77B6C338-CA07-4124-BD9D-30B0108ED266}
	EndGlobalSection
	GlobalSection(ExtensibilityGlobals) = postSolution
		SolutionGuid = {5A2EDBB3-3330-426E-9B51-7EAE23A4AC1A}
	EndGlobalSection
EndGlobal
