
Microsoft Visual Studio Solution File, Format Version 12.00
# Visual Studio 15
VisualStudioVersion = 15.0.27130.2010
MinimumVisualStudioVersion = 10.0.40219.1
Project("{FAE04EC0-301F-11D3-BF4B-00C04F79EFBC}") = "NETStandardLibrary", "NETStandardLibrary\NETStandardLibrary.csproj", "{806295F6-DADB-4001-A0CC-0B6AC286E3B4}"
EndProject
Project("{FAE04EC0-301F-11D3-BF4B-00C04F79EFBC}") = "NETCore20Console", "NETCore20Console\NETCore20Console.csproj", "{06CAC43E-6BA0-4CEA-8B14-88B9088034BB}"
EndProject
Project("{FAE04EC0-301F-11D3-BF4B-00C04F79EFBC}") = "NETFramework461Console", "NETFramework461Console\NETFramework461Console.csproj", "{7EA3F0BC-F282-45AB-AC3E-CA605A0B2BB2}"
EndProject
Project("{FAE04EC0-301F-11D3-BF4B-00C04F79EFBC}") = "NETFramework45Console", "NETFramework45Console\NETFramework45Console.csproj", "{27989F01-B07C-4D2B-AA4D-38E38B88AE89}"
EndProject
Project("{FAE04EC0-301F-11D3-BF4B-00C04F79EFBC}") = "NETFramework4Console", "NETFramework4Console\NETFramework4Console.csproj", "{91487871-F3DD-4D63-80CB-4FD774582FFD}"
EndProject
Global
	GlobalSection(SolutionConfigurationPlatforms) = preSolution
		Debug|Any CPU = Debug|Any CPU
		Release|Any CPU = Release|Any CPU
	EndGlobalSection
	GlobalSection(ProjectConfigurationPlatforms) = postSolution
		{806295F6-DADB-4001-A0CC-0B6AC286E3B4}.Debug|Any CPU.ActiveCfg = Debug|Any CPU
		{806295F6-DADB-4001-A0CC-0B6AC286E3B4}.Debug|Any CPU.Build.0 = Debug|Any CPU
		{806295F6-DADB-4001-A0CC-0B6AC286E3B4}.Release|Any CPU.ActiveCfg = Release|Any CPU
		{806295F6-DADB-4001-A0CC-0B6AC286E3B4}.Release|Any CPU.Build.0 = Release|Any CPU
		{06CAC43E-6BA0-4CEA-8B14-88B9088034BB}.Debug|Any CPU.ActiveCfg = Debug|Any CPU
		{06CAC43E-6BA0-4CEA-8B14-88B9088034BB}.Debug|Any CPU.Build.0 = Debug|Any CPU
		{06CAC43E-6BA0-4CEA-8B14-88B9088034BB}.Release|Any CPU.ActiveCfg = Release|Any CPU
		{06CAC43E-6BA0-4CEA-8B14-88B9088034BB}.Release|Any CPU.Build.0 = Release|Any CPU
		{7EA3F0BC-F282-45AB-AC3E-CA605A0B2BB2}.Debug|Any CPU.ActiveCfg = Debug|Any CPU
		{7EA3F0BC-F282-45AB-AC3E-CA605A0B2BB2}.Debug|Any CPU.Build.0 = Debug|Any CPU
		{7EA3F0BC-F282-45AB-AC3E-CA605A0B2BB2}.Release|Any CPU.ActiveCfg = Release|Any CPU
		{7EA3F0BC-F282-45AB-AC3E-CA605A0B2BB2}.Release|Any CPU.Build.0 = Release|Any CPU
		{27989F01-B07C-4D2B-AA4D-38E38B88AE89}.Debug|Any CPU.ActiveCfg = Debug|Any CPU
		{27989F01-B07C-4D2B-AA4D-38E38B88AE89}.Debug|Any CPU.Build.0 = Debug|Any CPU
		{27989F01-B07C-4D2B-AA4D-38E38B88AE89}.Release|Any CPU.ActiveCfg = Release|Any CPU
		{27989F01-B07C-4D2B-AA4D-38E38B88AE89}.Release|Any CPU.Build.0 = Release|Any CPU
		{91487871-F3DD-4D63-80CB-4FD774582FFD}.Debug|Any CPU.ActiveCfg = Debug|Any CPU
		{91487871-F3DD-4D63-80CB-4FD774582FFD}.Debug|Any CPU.Build.0 = Debug|Any CPU
		{91487871-F3DD-4D63-80CB-4FD774582FFD}.Release|Any CPU.ActiveCfg = Release|Any CPU
		{91487871-F3DD-4D63-80CB-4FD774582FFD}.Release|Any CPU.Build.0 = Release|Any CPU
	EndGlobalSection
	GlobalSection(SolutionProperties) = preSolution
		HideSolutionNode = FALSE
	EndGlobalSection
	GlobalSection(ExtensibilityGlobals) = postSolution
		SolutionGuid = {540168AE-2C75-43B5-92E6-124C6EA2AE17}
	EndGlobalSection
EndGlobal
