
Microsoft Visual Studio Solution File, Format Version 12.00
# Visual Studio 15
VisualStudioVersion = 15.0.27130.2010
MinimumVisualStudioVersion = 10.0.40219.1
Project("{FAE04EC0-301F-11D3-BF4B-00C04F79EFBC}") = "NETCoreSCD", "NETCoreSCD\NETCoreSCD.csproj", "{BE0EB145-B53F-4B3E-ABCF-570C53CFED85}"
EndProject
Global
	GlobalSection(SolutionConfigurationPlatforms) = preSolution
		Debug|Any CPU = Debug|Any CPU
		Release|Any CPU = Release|Any CPU
	EndGlobalSection
	GlobalSection(ProjectConfigurationPlatforms) = postSolution
		{BE0EB145-B53F-4B3E-ABCF-570C53CFED85}.Debug|Any CPU.ActiveCfg = Debug|Any CPU
		{BE0EB145-B53F-4B3E-ABCF-570C53CFED85}.Debug|Any CPU.Build.0 = Debug|Any CPU
		{BE0EB145-B53F-4B3E-ABCF-570C53CFED85}.Release|Any CPU.ActiveCfg = Release|Any CPU
		{BE0EB145-B53F-4B3E-ABCF-570C53CFED85}.Release|Any CPU.Build.0 = Release|Any CPU
	EndGlobalSection
	GlobalSection(SolutionProperties) = preSolution
		HideSolutionNode = FALSE
	EndGlobalSection
	GlobalSection(ExtensibilityGlobals) = postSolution
		SolutionGuid = {73BA9F95-EE86-4DDA-8313-28C79E6A9028}
	EndGlobalSection
EndGlobal
