
Microsoft Visual Studio Solution File, Format Version 12.00
# Visual Studio 15
VisualStudioVersion = 15.0.27130.2026
MinimumVisualStudioVersion = 10.0.40219.1
Project("{FAE04EC0-301F-11D3-BF4B-00C04F79EFBC}") = "01NETFramework", "01NETFramework\01NETFramework.csproj", "{5E3036CC-B8D9-4E2A-AF65-28DA56545311}"
EndProject
Project("{9A19103F-16F7-4668-BE54-9A1E7A4F7556}") = "02NETCore20", "02NETCore20\02NETCore20.csproj", "{0CE8B080-2B97-4276-86F0-F5A24519A5A6}"
EndProject
Project("{9A19103F-16F7-4668-BE54-9A1E7A4F7556}") = "03NETStandard20", "03NETStandard20\03NETStandard20.csproj", "{5B1139AE-03C3-4D1A-918F-E7ADF071BA20}"
EndProject
Project("{2150E333-8FDC-42A3-9474-1A3956D46DE8}") = "Solution Items", "Solution Items", "{360D85CA-218B-49C1-99BC-4397467558B2}"
	ProjectSection(SolutionItems) = preProject
		README.md = README.md
	EndProjectSection
EndProject
Global
	GlobalSection(SolutionConfigurationPlatforms) = preSolution
		Debug|Any CPU = Debug|Any CPU
		Release|Any CPU = Release|Any CPU
	EndGlobalSection
	GlobalSection(ProjectConfigurationPlatforms) = postSolution
		{5E3036CC-B8D9-4E2A-AF65-28DA56545311}.Debug|Any CPU.ActiveCfg = Debug|Any CPU
		{5E3036CC-B8D9-4E2A-AF65-28DA56545311}.Debug|Any CPU.Build.0 = Debug|Any CPU
		{5E3036CC-B8D9-4E2A-AF65-28DA56545311}.Release|Any CPU.ActiveCfg = Release|Any CPU
		{5E3036CC-B8D9-4E2A-AF65-28DA56545311}.Release|Any CPU.Build.0 = Release|Any CPU
		{0CE8B080-2B97-4276-86F0-F5A24519A5A6}.Debug|Any CPU.ActiveCfg = Debug|Any CPU
		{0CE8B080-2B97-4276-86F0-F5A24519A5A6}.Debug|Any CPU.Build.0 = Debug|Any CPU
		{0CE8B080-2B97-4276-86F0-F5A24519A5A6}.Release|Any CPU.ActiveCfg = Release|Any CPU
		{0CE8B080-2B97-4276-86F0-F5A24519A5A6}.Release|Any CPU.Build.0 = Release|Any CPU
		{5B1139AE-03C3-4D1A-918F-E7ADF071BA20}.Debug|Any CPU.ActiveCfg = Debug|Any CPU
		{5B1139AE-03C3-4D1A-918F-E7ADF071BA20}.Debug|Any CPU.Build.0 = Debug|Any CPU
		{5B1139AE-03C3-4D1A-918F-E7ADF071BA20}.Release|Any CPU.ActiveCfg = Release|Any CPU
		{5B1139AE-03C3-4D1A-918F-E7ADF071BA20}.Release|Any CPU.Build.0 = Release|Any CPU
	EndGlobalSection
	GlobalSection(SolutionProperties) = preSolution
		HideSolutionNode = FALSE
	EndGlobalSection
	GlobalSection(ExtensibilityGlobals) = postSolution
		SolutionGuid = {9F4F9DDF-F340-48B0-8301-C0F7A4F85DBA}
	EndGlobalSection
EndGlobal
