
Microsoft Visual Studio Solution File, Format Version 12.00
# Visual Studio 15
VisualStudioVersion = 15.0.27130.2003
MinimumVisualStudioVersion = 10.0.40219.1
Project("{FAE04EC0-301F-11D3-BF4B-00C04F79EFBC}") = "Contoso.Library", "Contoso.Library\Contoso.Library.csproj", "{92104D93-A7F3-4BC4-AA5F-ADF36D2040C5}"
EndProject
Global
	GlobalSection(SolutionConfigurationPlatforms) = preSolution
		Debug|Any CPU = Debug|Any CPU
		Release|Any CPU = Release|Any CPU
	EndGlobalSection
	GlobalSection(ProjectConfigurationPlatforms) = postSolution
		{92104D93-A7F3-4BC4-AA5F-ADF36D2040C5}.Debug|Any CPU.ActiveCfg = Debug|Any CPU
		{92104D93-A7F3-4BC4-AA5F-ADF36D2040C5}.Debug|Any CPU.Build.0 = Debug|Any CPU
		{92104D93-A7F3-4BC4-AA5F-ADF36D2040C5}.Release|Any CPU.ActiveCfg = Release|Any CPU
		{92104D93-A7F3-4BC4-AA5F-ADF36D2040C5}.Release|Any CPU.Build.0 = Release|Any CPU
	EndGlobalSection
	GlobalSection(SolutionProperties) = preSolution
		HideSolutionNode = FALSE
	EndGlobalSection
	GlobalSection(ExtensibilityGlobals) = postSolution
		SolutionGuid = {F4F46789-2038-4851-9509-6256B0B57B18}
	EndGlobalSection
EndGlobal
