
Microsoft Visual Studio Solution File, Format Version 12.00
# Visual Studio 15
VisualStudioVersion = 15.0.27130.2010
MinimumVisualStudioVersion = 10.0.40219.1
Project("{FAE04EC0-301F-11D3-BF4B-00C04F79EFBC}") = "MyLibrary", "MyLibrary\MyLibrary.csproj", "{02B7B5AB-D6CB-40F4-97A4-EF999F7911E1}"
EndProject
Project("{FAE04EC0-301F-11D3-BF4B-00C04F79EFBC}") = "MyLibrary.Test", "MyLibrary.Test\MyLibrary.Test.csproj", "{427DA067-B10A-4D65-8D9D-C63F06F6860F}"
EndProject
Project("{FAE04EC0-301F-11D3-BF4B-00C04F79EFBC}") = "MyConsole", "MyConsole\MyConsole.csproj", "{5A166CC9-839F-46A5-B788-32834113D29D}"
EndProject
Global
	GlobalSection(SolutionConfigurationPlatforms) = preSolution
		Debug|Any CPU = Debug|Any CPU
		Release|Any CPU = Release|Any CPU
	EndGlobalSection
	GlobalSection(ProjectConfigurationPlatforms) = postSolution
		{02B7B5AB-D6CB-40F4-97A4-EF999F7911E1}.Debug|Any CPU.ActiveCfg = Debug|Any CPU
		{02B7B5AB-D6CB-40F4-97A4-EF999F7911E1}.Debug|Any CPU.Build.0 = Debug|Any CPU
		{02B7B5AB-D6CB-40F4-97A4-EF999F7911E1}.Release|Any CPU.ActiveCfg = Release|Any CPU
		{02B7B5AB-D6CB-40F4-97A4-EF999F7911E1}.Release|Any CPU.Build.0 = Release|Any CPU
		{427DA067-B10A-4D65-8D9D-C63F06F6860F}.Debug|Any CPU.ActiveCfg = Debug|Any CPU
		{427DA067-B10A-4D65-8D9D-C63F06F6860F}.Debug|Any CPU.Build.0 = Debug|Any CPU
		{427DA067-B10A-4D65-8D9D-C63F06F6860F}.Release|Any CPU.ActiveCfg = Release|Any CPU
		{427DA067-B10A-4D65-8D9D-C63F06F6860F}.Release|Any CPU.Build.0 = Release|Any CPU
		{5A166CC9-839F-46A5-B788-32834113D29D}.Debug|Any CPU.ActiveCfg = Debug|Any CPU
		{5A166CC9-839F-46A5-B788-32834113D29D}.Debug|Any CPU.Build.0 = Debug|Any CPU
		{5A166CC9-839F-46A5-B788-32834113D29D}.Release|Any CPU.ActiveCfg = Release|Any CPU
		{5A166CC9-839F-46A5-B788-32834113D29D}.Release|Any CPU.Build.0 = Release|Any CPU
	EndGlobalSection
	GlobalSection(SolutionProperties) = preSolution
		HideSolutionNode = FALSE
	EndGlobalSection
	GlobalSection(ExtensibilityGlobals) = postSolution
		SolutionGuid = {54F01F0B-C794-4486-B95B-D52F21CFC200}
	EndGlobalSection
EndGlobal
